
Microsoft Visual Studio Solution File, Format Version 12.00
# Visual Studio Version 16
VisualStudioVersion = 16.0.31410.357
MinimumVisualStudioVersion = 10.0.40219.1
Project("{FAE04EC0-301F-11D3-BF4B-00C04F79EFBC}") = "LeagueLiveClientAPI", "LeagueLiveClientAPI\LeagueLiveClientAPI.csproj", "{18C00CA2-6F14-4F76-9BD6-877C9274EABC}"
EndProject
Global
	GlobalSection(SolutionConfigurationPlatforms) = preSolution
		Debug|Any CPU = Debug|Any CPU
		Release|Any CPU = Release|Any CPU
	EndGlobalSection
	GlobalSection(ProjectConfigurationPlatforms) = postSolution
		{18C00CA2-6F14-4F76-9BD6-877C9274EABC}.Debug|Any CPU.ActiveCfg = Debug|Any CPU
		{18C00CA2-6F14-4F76-9BD6-877C9274EABC}.Debug|Any CPU.Build.0 = Debug|Any CPU
		{18C00CA2-6F14-4F76-9BD6-877C9274EABC}.Release|Any CPU.ActiveCfg = Release|Any CPU
		{18C00CA2-6F14-4F76-9BD6-877C9274EABC}.Release|Any CPU.Build.0 = Release|Any CPU
	EndGlobalSection
	GlobalSection(SolutionProperties) = preSolution
		HideSolutionNode = FALSE
	EndGlobalSection
	GlobalSection(ExtensibilityGlobals) = postSolution
		SolutionGuid = {73143AD9-0891-4070-ABFA-7109EECE299B}
	EndGlobalSection
EndGlobal
